{
    "_readme": [
        "This file locks the dependencies of your project to a known state",
        "Read more about it at https://getcomposer.org/doc/01-basic-usage.md#installing-dependencies",
        "This file is @generated automatically"
    ],
    "content-hash": "6f72712a923c504e9d563bc8b75c8ba0",
    "packages": [
        {
            "name": "psr/container",
            "version": "dev-master",
            "source": {
                "type": "git",
                "url": "https://github.com/php-fig/container.git",
                "reference": "c71ecc56dfe541dbd90c5360474fbc405f8d5963"
            },
            "dist": {
                "type": "zip",
                "url": "https://api.github.com/repos/php-fig/container/zipball/c71ecc56dfe541dbd90c5360474fbc405f8d5963",
                "reference": "c71ecc56dfe541dbd90c5360474fbc405f8d5963",
                "shasum": ""
            },
            "require": {
                "php": ">=7.4.0"
            },
            "default-branch": true,
            "type": "library",
            "extra": {
                "branch-alias": {
                    "dev-master": "2.0.x-dev"
                }
            },
            "autoload": {
                "psr-4": {
                    "Psr\\Container\\": "src/"
                }
            },
            "notification-url": "https://packagist.org/downloads/",
            "license": [
                "MIT"
            ],
            "authors": [
                {
                    "name": "PHP-FIG",
                    "homepage": "https://www.php-fig.org/"
                }
            ],
            "description": "Common Container Interface (PHP FIG PSR-11)",
            "homepage": "https://github.com/php-fig/container",
            "keywords": [
                "PSR-11",
                "container",
                "container-interface",
                "container-interop",
                "psr"
            ],
            "support": {
                "issues": "https://github.com/php-fig/container/issues",
                "source": "https://github.com/php-fig/container/tree/2.0.2"
            },
            "time": "2021-11-05T16:47:00+00:00"
        },
        {
            "name": "yiisoft/arrays",
            "version": "2.0.0",
            "source": {
                "type": "git",
                "url": "https://github.com/yiisoft/arrays.git",
                "reference": "eeeabbbfb1cf0f93902ca254eaa56248d3e890dd"
            },
            "dist": {
                "type": "zip",
                "url": "https://api.github.com/repos/yiisoft/arrays/zipball/eeeabbbfb1cf0f93902ca254eaa56248d3e890dd",
                "reference": "eeeabbbfb1cf0f93902ca254eaa56248d3e890dd",
                "shasum": ""
            },
            "require": {
                "php": "^7.4|^8.0",
                "yiisoft/strings": "^2.0"
            },
            "require-dev": {
                "phpunit/phpunit": "^9.5",
                "roave/infection-static-analysis-plugin": "^1.9",
                "spatie/phpunit-watcher": "^1.23",
                "vimeo/psalm": "^4.9"
            },
            "type": "library",
            "autoload": {
                "psr-4": {
                    "Yiisoft\\Arrays\\": "src"
                }
            },
            "notification-url": "https://packagist.org/downloads/",
            "license": [
                "BSD-3-Clause"
            ],
            "description": "Yii Array Helper",
            "homepage": "http://www.yiiframework.com/",
            "keywords": [
                "array",
                "helper",
                "yii"
            ],
            "support": {
                "chat": "https://t.me/yii3en",
                "forum": "https://forum.yiiframework.com/",
                "irc": "irc://irc.freenode.net/yii",
                "issues": "https://github.com/yiisoft/arrays/issues",
                "source": "https://github.com/yiisoft/arrays",
                "wiki": "https://www.yiiframework.com/wiki/"
            },
            "funding": [
                {
                    "url": "https://github.com/sponsors/yiisoft",
                    "type": "github"
                },
                {
                    "url": "https://opencollective.com/yiisoft",
                    "type": "opencollective"
                }
            ],
            "time": "2021-10-23T20:52:49+00:00"
        },
        {
            "name": "yiisoft/definitions",
            "version": "1.0.1",
            "source": {
                "type": "git",
                "url": "https://github.com/yiisoft/definitions.git",
                "reference": "a14c99ebfb62f3f38db83d62bff03f11b4a5a210"
            },
            "dist": {
                "type": "zip",
                "url": "https://api.github.com/repos/yiisoft/definitions/zipball/a14c99ebfb62f3f38db83d62bff03f11b4a5a210",
                "reference": "a14c99ebfb62f3f38db83d62bff03f11b4a5a210",
                "shasum": ""
            },
            "require": {
                "php": "^7.4|^8.0",
                "psr/container": "^1.0|^2.0"
            },
            "require-dev": {
                "phpunit/phpunit": "^9.5",
                "roave/infection-static-analysis-plugin": "^1.11",
                "spatie/phpunit-watcher": "^1.23",
                "vimeo/psalm": "^4.13",
                "yiisoft/test-support": "^1.3"
            },
            "type": "library",
            "autoload": {
                "psr-4": {
                    "Yiisoft\\Definitions\\": "src"
                }
            },
            "notification-url": "https://packagist.org/downloads/",
            "license": [
                "BSD-3-Clause"
            ],
            "description": "The package provides definition syntax",
            "homepage": "https://www.yiiframework.com/",
            "keywords": [
                "definitions"
            ],
            "support": {
                "chat": "https://t.me/yii3en",
                "forum": "https://www.yiiframework.com/forum/",
                "irc": "irc://irc.freenode.net/yii",
                "issues": "https://github.com/yiisoft/definitions/issues?state=open",
                "source": "https://github.com/yiisoft/definitions",
                "wiki": "https://www.yiiframework.com/wiki/"
            },
            "funding": [
                {
                    "url": "https://github.com/sponsors/yiisoft",
                    "type": "github"
                },
                {
                    "url": "https://opencollective.com/yiisoft",
                    "type": "opencollective"
                }
            ],
            "time": "2021-12-19T17:57:16+00:00"
        },
        {
            "name": "yiisoft/factory",
            "version": "1.0.0",
            "source": {
                "type": "git",
                "url": "https://github.com/yiisoft/factory.git",
                "reference": "e5269264ced928ff494b68fc41a06875cc87a517"
            },
            "dist": {
                "type": "zip",
                "url": "https://api.github.com/repos/yiisoft/factory/zipball/e5269264ced928ff494b68fc41a06875cc87a517",
                "reference": "e5269264ced928ff494b68fc41a06875cc87a517",
                "shasum": ""
            },
            "require": {
                "php": "^7.4|^8.0",
                "psr/container": "^1.0|^2.0",
                "yiisoft/definitions": "^1.0"
            },
            "require-dev": {
                "phpunit/phpunit": "^9.5",
                "roave/infection-static-analysis-plugin": "^1.9",
                "spatie/phpunit-watcher": "^1.23",
                "vimeo/psalm": "^4.9",
                "yiisoft/test-support": "^1.3"
            },
            "type": "library",
            "autoload": {
                "psr-4": {
                    "Yiisoft\\Factory\\": "src"
                }
            },
            "notification-url": "https://packagist.org/downloads/",
            "license": [
                "BSD-3-Clause"
            ],
            "description": "Yii Factory",
            "homepage": "https://www.yiiframework.com/",
            "keywords": [
                "factory"
            ],
            "support": {
                "forum": "https://www.yiiframework.com/forum/",
                "irc": "irc://irc.freenode.net/yii",
                "issues": "https://github.com/yiisoft/factory/issues",
                "source": "https://github.com/yiisoft/factory",
                "wiki": "https://www.yiiframework.com/wiki/"
            },
            "funding": [
                {
                    "url": "https://github.com/yiisoft",
                    "type": "github"
                },
                {
                    "url": "https://opencollective.com/yiisoft",
                    "type": "open_collective"
                }
            ],
            "time": "2021-12-11T21:22:28+00:00"
        },
        {
            "name": "yiisoft/friendly-exception",
            "version": "1.1.0",
            "source": {
                "type": "git",
                "url": "https://github.com/yiisoft/friendly-exception.git",
                "reference": "4b4a19edff251791e3c92d4d83435d2716351ff4"
            },
            "dist": {
                "type": "zip",
                "url": "https://api.github.com/repos/yiisoft/friendly-exception/zipball/4b4a19edff251791e3c92d4d83435d2716351ff4",
                "reference": "4b4a19edff251791e3c92d4d83435d2716351ff4",
                "shasum": ""
            },
            "require": {
                "php": "^7.1|^8.0"
            },
            "require-dev": {
                "phpunit/phpunit": "^9.4",
                "roave/infection-static-analysis-plugin": "^1.5",
                "spatie/phpunit-watcher": "^1.23",
                "vimeo/psalm": "^4.3"
            },
            "type": "library",
            "autoload": {
                "psr-4": {
                    "Yiisoft\\FriendlyException\\": "src"
                }
            },
            "notification-url": "https://packagist.org/downloads/",
            "license": [
                "BSD-3-Clause"
            ],
            "description": "An interface for friendlier exception",
            "homepage": "http://www.yiiframework.com/",
            "keywords": [
                "error handling",
                "exception",
                "exceptions",
                "friendly"
            ],
            "support": {
                "forum": "http://www.yiiframework.com/forum/",
                "irc": "irc://irc.freenode.net/yii",
                "issues": "https://github.com/yiisoft/friendly-exception/issues?state=open",
                "source": "https://github.com/yiisoft/friendly-exception",
                "wiki": "http://www.yiiframework.com/wiki/"
            },
            "funding": [
                {
                    "url": "https://github.com/yiisoft",
                    "type": "github"
                },
                {
                    "url": "https://opencollective.com/yiisoft",
                    "type": "open_collective"
                }
            ],
            "time": "2021-10-26T21:43:25+00:00"
        },
        {
            "name": "yiisoft/html",
            "version": "2.2.1",
            "source": {
                "type": "git",
                "url": "https://github.com/yiisoft/html.git",
                "reference": "02633b6e7a7bbbb1848b75796a6a518f4a07d932"
            },
            "dist": {
                "type": "zip",
                "url": "https://api.github.com/repos/yiisoft/html/zipball/02633b6e7a7bbbb1848b75796a6a518f4a07d932",
                "reference": "02633b6e7a7bbbb1848b75796a6a518f4a07d932",
                "shasum": ""
            },
            "require": {
                "php": "^7.4|^8.0",
                "yiisoft/arrays": "^1.0|^2.0",
                "yiisoft/json": "^1.0"
            },
            "require-dev": {
                "maglnet/composer-require-checker": "^3.3",
                "phpunit/phpunit": "^9.5",
                "roave/infection-static-analysis-plugin": "^1.10",
                "spatie/phpunit-watcher": "^1.23",
                "vimeo/psalm": "^4.10"
            },
            "type": "library",
            "autoload": {
                "psr-4": {
                    "Yiisoft\\Html\\": "src"
                }
            },
            "notification-url": "https://packagist.org/downloads/",
            "license": [
                "BSD-3-Clause"
            ],
            "description": "Handy library to generate HTML",
            "homepage": "https://www.yiiframework.com/",
            "keywords": [
                "html"
            ],
            "support": {
                "forum": "https://forum.yiiframework.com/",
                "irc": "irc://irc.freenode.net/yii",
                "issues": "https://github.com/yiisoft/html/issues?state=open",
                "source": "https://github.com/yiisoft/html",
                "wiki": "https://www.yiiframework.com/wiki/"
            },
            "funding": [
                {
                    "url": "https://github.com/sponsors/yiisoft",
                    "type": "github"
                },
                {
                    "url": "https://opencollective.com/yiisoft",
                    "type": "opencollective"
                }
            ],
            "time": "2021-10-24T21:06:33+00:00"
        },
        {
            "name": "yiisoft/json",
            "version": "1.0.0",
            "source": {
                "type": "git",
                "url": "https://github.com/yiisoft/json.git",
                "reference": "51b483aef1cd5d06ea02db3c40707bb6b41ed088"
            },
            "dist": {
                "type": "zip",
                "url": "https://api.github.com/repos/yiisoft/json/zipball/51b483aef1cd5d06ea02db3c40707bb6b41ed088",
                "reference": "51b483aef1cd5d06ea02db3c40707bb6b41ed088",
                "shasum": ""
            },
            "require": {
                "php": "^7.4|^8.0"
            },
            "require-dev": {
                "infection/infection": "^0.16.3",
                "phan/phan": "^3.0",
                "phpunit/phpunit": "^9.3"
            },
            "type": "library",
            "extra": {
                "branch-alias": {
                    "dev-master": "3.0.x-dev"
                }
            },
            "autoload": {
                "psr-4": {
                    "Yiisoft\\Json\\": "src"
                }
            },
            "notification-url": "https://packagist.org/downloads/",
            "license": [
                "BSD-3-Clause"
            ],
            "description": "json",
            "homepage": "http://www.yiiframework.com/",
            "keywords": [
                "json"
            ],
            "support": {
                "forum": "http://www.yiiframework.com/forum/",
                "irc": "irc://irc.freenode.net/yii",
                "issues": "https://github.com/yiisoft/json/issues?state=open",
                "source": "https://github.com/yiisoft/json",
                "wiki": "http://www.yiiframework.com/wiki/"
            },
            "funding": [
                {
                    "url": "https://github.com/yiisoft",
                    "type": "github"
                },
                {
                    "url": "https://opencollective.com/yiisoft",
                    "type": "open_collective"
                }
            ],
            "time": "2020-08-26T12:21:14+00:00"
        },
        {
            "name": "yiisoft/strings",
            "version": "2.0.0",
            "source": {
                "type": "git",
                "url": "https://github.com/yiisoft/strings.git",
                "reference": "935d6ce668d5d5db58eef18174859a61fbf4b2c2"
            },
            "dist": {
                "type": "zip",
                "url": "https://api.github.com/repos/yiisoft/strings/zipball/935d6ce668d5d5db58eef18174859a61fbf4b2c2",
                "reference": "935d6ce668d5d5db58eef18174859a61fbf4b2c2",
                "shasum": ""
            },
            "require": {
                "ext-mbstring": "*",
                "php": "^7.4|^8.0"
            },
            "require-dev": {
                "phpunit/phpunit": "^9.5",
                "roave/infection-static-analysis-plugin": "^1.7",
                "spatie/phpunit-watcher": "^1.23",
                "vimeo/psalm": "^4.4"
            },
            "type": "library",
            "autoload": {
                "psr-4": {
                    "Yiisoft\\Strings\\": "src"
                }
            },
            "notification-url": "https://packagist.org/downloads/",
            "license": [
                "BSD-3-Clause"
            ],
            "description": "Yii - String Helper",
            "homepage": "https://www.yiiframework.com/",
            "keywords": [
                "helper",
                "string",
                "yii"
            ],
            "support": {
                "forum": "https://www.yiiframework.com/forum/",
                "irc": "irc://irc.freenode.net/yii",
                "issues": "https://github.com/yiisoft/strings/issues",
                "source": "https://github.com/yiisoft/strings",
                "wiki": "https://www.yiiframework.com/wiki/"
            },
            "funding": [
                {
                    "url": "https://github.com/yiisoft",
                    "type": "github"
                },
                {
                    "url": "https://opencollective.com/yiisoft",
                    "type": "open_collective"
                }
            ],
            "time": "2021-02-10T20:59:30+00:00"
        },
        {
            "name": "yiisoft/widget",
            "version": "dev-master",
            "source": {
                "type": "git",
                "url": "https://github.com/yiisoft/widget.git",
                "reference": "247ff391b02bc4213e4ec80c94ca9ffa9536f596"
            },
            "dist": {
                "type": "zip",
                "url": "https://api.github.com/repos/yiisoft/widget/zipball/247ff391b02bc4213e4ec80c94ca9ffa9536f596",
                "reference": "247ff391b02bc4213e4ec80c94ca9ffa9536f596",
                "shasum": ""
            },
            "require": {
                "php": "^7.4|^8.0",
                "psr/container": "^1.0|^2.0",
                "yiisoft/definitions": "^1.0",
                "yiisoft/factory": "^1.0",
                "yiisoft/friendly-exception": "^1.0",
                "yiisoft/html": "^2.0"
            },
            "require-dev": {
                "phpunit/phpunit": "^9.5",
                "roave/infection-static-analysis-plugin": "^1.16",
                "spatie/phpunit-watcher": "^1.23",
                "vimeo/psalm": "^4.18",
                "yiisoft/test-support": "^1.3"
            },
            "default-branch": true,
            "type": "library",
            "extra": {
                "config-plugin-options": {
                    "source-directory": "config"
                },
                "config-plugin": {
                    "params": "params.php",
                    "bootstrap": "bootstrap.php",
                    "widgets": "widgets.php"
                }
            },
            "autoload": {
                "psr-4": {
                    "Yiisoft\\Widget\\": "src"
                }
            },
            "notification-url": "https://packagist.org/downloads/",
            "license": [
                "BSD-3-Clause"
            ],
            "description": "Widget",
            "homepage": "https://www.yiiframework.com/",
            "keywords": [
                "widgets",
                "yii"
            ],
            "support": {
                "chat": "https://t.me/yii3en",
                "forum": "https://www.yiiframework.com/forum/",
                "irc": "irc://irc.freenode.net/yii",
                "issues": "https://github.com/yiisoft/widget/issues?state=open",
                "source": "https://github.com/yiisoft/widget",
                "wiki": "https://www.yiiframework.com/wiki/"
            },
            "funding": [
                {
                    "url": "https://github.com/sponsors/yiisoft",
                    "type": "github"
                },
                {
                    "url": "https://opencollective.com/yiisoft",
                    "type": "opencollective"
                }
            ],
            "time": "2022-02-10T13:33:38+00:00"
        }
    ],
    "packages-dev": [],
    "aliases": [],
    "minimum-stability": "dev",
    "stability-flags": {
        "yiisoft/widget": 20
    },
    "prefer-stable": false,
    "prefer-lowest": false,
    "platform": [],
    "platform-dev": [],
    "plugin-api-version": "2.2.0"
}
